
Microsoft Visual Studio Solution File, Format Version 12.00
# Visual Studio Version 17
VisualStudioVersion = 17.11.35327.3
MinimumVisualStudioVersion = 10.0.40219.1
Project("{FAE04EC0-301F-11D3-BF4B-00C04F79EFBC}") = "Web", "Web\Web.csproj", "{53445792-47F4-49F6-9F7F-FC28EB6C391C}"
EndProject
Project("{FAE04EC0-301F-11D3-BF4B-00C04F79EFBC}") = "Model", "Model\Model.csproj", "{6E991461-FC19-41B8-A8CC-8F431537512A}"
EndProject
Global
	GlobalSection(SolutionConfigurationPlatforms) = preSolution
		Debug|Any CPU = Debug|Any CPU
		Release|Any CPU = Release|Any CPU
	EndGlobalSection
	GlobalSection(ProjectConfigurationPlatforms) = postSolution
		{53445792-47F4-49F6-9F7F-FC28EB6C391C}.Debug|Any CPU.ActiveCfg = Debug|Any CPU
		{53445792-47F4-49F6-9F7F-FC28EB6C391C}.Debug|Any CPU.Build.0 = Debug|Any CPU
		{53445792-47F4-49F6-9F7F-FC28EB6C391C}.Release|Any CPU.ActiveCfg = Release|Any CPU
		{53445792-47F4-49F6-9F7F-FC28EB6C391C}.Release|Any CPU.Build.0 = Release|Any CPU
		{6E991461-FC19-41B8-A8CC-8F431537512A}.Debug|Any CPU.ActiveCfg = Debug|Any CPU
		{6E991461-FC19-41B8-A8CC-8F431537512A}.Debug|Any CPU.Build.0 = Debug|Any CPU
		{6E991461-FC19-41B8-A8CC-8F431537512A}.Release|Any CPU.ActiveCfg = Release|Any CPU
		{6E991461-FC19-41B8-A8CC-8F431537512A}.Release|Any CPU.Build.0 = Release|Any CPU
	EndGlobalSection
	GlobalSection(SolutionProperties) = preSolution
		HideSolutionNode = FALSE
	EndGlobalSection
	GlobalSection(ExtensibilityGlobals) = postSolution
		SolutionGuid = {D79C9F67-1824-4C0B-8039-1D8809825F92}
	EndGlobalSection
EndGlobal
